// !$*UTF8*$!
{
	archiveVersion = 1;
	classes = {
	};
	objectVersion = 46;
	objects = {

/* Begin PBXBuildFile section */
		372AABD91B2D5E8300CC181E /* main.m in Sources */ = {isa = PBXBuildFile; fileRef = 372AABD81B2D5E8300CC181E /* main.m */; };
		372AABDC1B2D5E8300CC181E /* AppDelegate.m in Sources */ = {isa = PBXBuildFile; fileRef = 372AABDB1B2D5E8300CC181E /* AppDelegate.m */; };
		372AABDF1B2D5E8300CC181E /* help.xcdatamodeld in Sources */ = {isa = PBXBuildFile; fileRef = 372AABDD1B2D5E8300CC181E /* help.xcdatamodeld */; };
		372AABE21B2D5E8300CC181E /* ViewController.m in Sources */ = {isa = PBXBuildFile; fileRef = 372AABE11B2D5E8300CC181E /* ViewController.m */; };
		372AABE51B2D5E8300CC181E /* Main.storyboard in Resources */ = {isa = PBXBuildFile; fileRef = 372AABE31B2D5E8300CC181E /* Main.storyboard */; };
		372AABE71B2D5E8300CC181E /* Images.xcassets in Resources */ = {isa = PBXBuildFile; fileRef = 372AABE61B2D5E8300CC181E /* Images.xcassets */; };
		372AABEA1B2D5E8300CC181E /* LaunchScreen.xib in Resources */ = {isa = PBXBuildFile; fileRef = 372AABE81B2D5E8300CC181E /* LaunchScreen.xib */; };
		372AABF61B2D5E8300CC181E /* helpTests.m in Sources */ = {isa = PBXBuildFile; fileRef = 372AABF51B2D5E8300CC181E /* helpTests.m */; };
/* End PBXBuildFile section */

/* Begin PBXContainerItemProxy section */
		372AABF01B2D5E8300CC181E /* PBXContainerItemProxy */ = {
			isa = PBXContainerItemProxy;
			containerPortal = 372AABCB1B2D5E8300CC181E /* Project object */;
			proxyType = 1;
			remoteGlobalIDString = 372AABD21B2D5E8300CC181E;
			remoteInfo = help;
		};
/* End PBXContainerItemProxy section */

/* Begin PBXFileReference section */
		372AABD31B2D5E8300CC181E /* help.app */ = {isa = PBXFileReference; explicitFileType = wrapper.application; includeInIndex = 0; path = help.app; sourceTree = BUILT_PRODUCTS_DIR; };
		372AABD71B2D5E8300CC181E /* Info.plist */ = {isa = PBXFileReference; lastKnownFileType = text.plist.xml; path = Info.plist; sourceTree = "<group>"; };
		372AABD81B2D5E8300CC181E /* main.m */ = {isa = PBXFileReference; lastKnownFileType = sourcecode.c.objc; path = main.m; sourceTree = "<group>"; };
		372AABDA1B2D5E8300CC181E /* AppDelegate.h */ = {isa = PBXFileReference; lastKnownFileType = sourcecode.c.h; path = AppDelegate.h; sourceTree = "<group>"; };
		372AABDB1B2D5E8300CC181E /* AppDelegate.m */ = {isa = PBXFileReference; lastKnownFileType = sourcecode.c.objc; path = AppDelegate.m; sourceTree = "<group>"; };
		372AABDE1B2D5E8300CC181E /* help.xcdatamodel */ = {isa = PBXFileReference; lastKnownFileType = wrapper.xcdatamodel; path = help.xcdatamodel; sourceTree = "<group>"; };
		372AABE01B2D5E8300CC181E /* ViewController.h */ = {isa = PBXFileReference; lastKnownFileType = sourcecode.c.h; path = ViewController.h; sourceTree = "<group>"; };
		372AABE11B2D5E8300CC181E /* ViewController.m */ = {isa = PBXFileReference; lastKnownFileType = sourcecode.c.objc; path = ViewController.m; sourceTree = "<group>"; };
		372AABE41B2D5E8300CC181E /* Base */ = {isa = PBXFileReference; lastKnownFileType = file.storyboard; name = Base; path = Base.lproj/Main.storyboard; sourceTree = "<group>"; };
		372AABE61B2D5E8300CC181E /* Images.xcassets */ = {isa = PBXFileReference; lastKnownFileType = folder.assetcatalog; path = Images.xcassets; sourceTree = "<group>"; };
		372AABE91B2D5E8300CC181E /* Base */ = {isa = PBXFileReference; lastKnownFileType = file.xib; name = Base; path = Base.lproj/LaunchScreen.xib; sourceTree = "<group>"; };
		372AABEF1B2D5E8300CC181E /* helpTests.xctest */ = {isa = PBXFileReference; explicitFileType = wrapper.cfbundle; includeInIndex = 0; path = helpTests.xctest; sourceTree = BUILT_PRODUCTS_DIR; };
		372AABF41B2D5E8300CC181E /* Info.plist */ = {isa = PBXFileReference; lastKnownFileType = text.plist.xml; path = Info.plist; sourceTree = "<group>"; };
		372AABF51B2D5E8300CC181E /* helpTests.m */ = {isa = PBXFileReference; lastKnownFileType = sourcecode.c.objc; path = helpTests.m; sourceTree = "<group>"; };
/* End PBXFileReference section */

/* Begin PBXFrameworksBuildPhase section */
		372AABD01B2D5E8300CC181E /* Frameworks */ = {
			isa = PBXFrameworksBuildPhase;
			buildActionMask = 2147483647;
			files = (
			);
			runOnlyForDeploymentPostprocessing = 0;
		};
		372AABEC1B2D5E8300CC181E /* Frameworks */ = {
			isa = PBXFrameworksBuildPhase;
			buildActionMask = 2147483647;
			files = (
			);
			runOnlyForDeploymentPostprocessing = 0;
		};
/* End PBXFrameworksBuildPhase section */

/* Begin PBXGroup section */
		372AABCA1B2D5E8300CC181E = {
			isa = PBXGroup;
			children = (
				372AABD51B2D5E8300CC181E /* help */,
				372AABF21B2D5E8300CC181E /* helpTests */,
				372AABD41B2D5E8300CC181E /* Products */,
			);
			sourceTree = "<group>";
		};
		372AABD41B2D5E8300CC181E /* Products */ = {
			isa = PBXGroup;
			children = (
				372AABD31B2D5E8300CC181E /* help.app */,
				372AABEF1B2D5E8300CC181E /* helpTests.xctest */,
			);
			name = Products;
			sourceTree = "<group>";
		};
		372AABD51B2D5E8300CC181E /* help */ = {
			isa = PBXGroup;
			children = (
				372AABDA1B2D5E8300CC181E /* AppDelegate.h */,
				372AABDB1B2D5E8300CC181E /* AppDelegate.m */,
				372AABE01B2D5E8300CC181E /* ViewController.h */,
				372AABE11B2D5E8300CC181E /* ViewController.m */,
				372AABE31B2D5E8300CC181E /* Main.storyboard */,
				372AABE61B2D5E8300CC181E /* Images.xcassets */,
				372AABE81B2D5E8300CC181E /* LaunchScreen.xib */,
				372AABDD1B2D5E8300CC181E /* help.xcdatamodeld */,
				372AABD61B2D5E8300CC181E /* Supporting Files */,
			);
			path = help;
			sourceTree = "<group>";
		};
		372AABD61B2D5E8300CC181E /* Supporting Files */ = {
			isa = PBXGroup;
			children = (
				372AABD71B2D5E8300CC181E /* Info.plist */,
				372AABD81B2D5E8300CC181E /* main.m */,
			);
			name = "Supporting Files";
			sourceTree = "<group>";
		};
		372AABF21B2D5E8300CC181E /* helpTests */ = {
			isa = PBXGroup;
			children = (
				372AABF51B2D5E8300CC181E /* helpTests.m */,
				372AABF31B2D5E8300CC181E /* Supporting Files */,
			);
			path = helpTests;
			sourceTree = "<group>";
		};
		372AABF31B2D5E8300CC181E /* Supporting Files */ = {
			isa = PBXGroup;
			children = (
				372AABF41B2D5E8300CC181E /* Info.plist */,
			);
			name = "Supporting Files";
			sourceTree = "<group>";
		};
/* End PBXGroup section */

/* Begin PBXNativeTarget section */
		372AABD21B2D5E8300CC181E /* help */ = {
			isa = PBXNativeTarget;
			buildConfigurationList = 372AABF91B2D5E8300CC181E /* Build configuration list for PBXNativeTarget "help" */;
			buildPhases = (
				372AABCF1B2D5E8300CC181E /* Sources */,
				372AABD01B2D5E8300CC181E /* Frameworks */,
				372AABD11B2D5E8300CC181E /* Resources */,
			);
			buildRules = (
			);
			dependencies = (
			);
			name = help;
			productName = help;
			productReference = 372AABD31B2D5E8300CC181E /* help.app */;
			productType = "com.apple.product-type.application";
		};
		372AABEE1B2D5E8300CC181E /* helpTests */ = {
			isa = PBXNativeTarget;
			buildConfigurationList = 372AABFC1B2D5E8300CC181E /* Build configuration list for PBXNativeTarget "helpTests" */;
			buildPhases = (
				372AABEB1B2D5E8300CC181E /* Sources */,
				372AABEC1B2D5E8300CC181E /* Frameworks */,
				372AABED1B2D5E8300CC181E /* Resources */,
			);
			buildRules = (
			);
			dependencies = (
				372AABF11B2D5E8300CC181E /* PBXTargetDependency */,
			);
			name = helpTests;
			productName = helpTests;
			productReference = 372AABEF1B2D5E8300CC181E /* helpTests.xctest */;
			productType = "com.apple.product-type.bundle.unit-test";
		};
/* End PBXNativeTarget section */

/* Begin PBXProject section */
		372AABCB1B2D5E8300CC181E /* Project object */ = {
			isa = PBXProject;
			attributes = {
				LastUpgradeCheck = 0630;
				ORGANIZATIONNAME = maloowonder;
				TargetAttributes = {
					372AABD21B2D5E8300CC181E = {
						CreatedOnToolsVersion = 6.3.2;
					};
					372AABEE1B2D5E8300CC181E = {
						CreatedOnToolsVersion = 6.3.2;
						TestTargetID = 372AABD21B2D5E8300CC181E;
					};
				};
			};
			buildConfigurationList = 372AABCE1B2D5E8300CC181E /* Build configuration list for PBXProject "help" */;
			compatibilityVersion = "Xcode 3.2";
			developmentRegion = English;
			hasScannedForEncodings = 0;
			knownRegions = (
				en,
				Base,
			);
			mainGroup = 372AABCA1B2D5E8300CC181E;
			productRefGroup = 372AABD41B2D5E8300CC181E /* Products */;
			projectDirPath = "";
			projectRoot = "";
			targets = (
				372AABD21B2D5E8300CC181E /* help */,
				372AABEE1B2D5E8300CC181E /* helpTests */,
			);
		};
/* End PBXProject section */

/* Begin PBXResourcesBuildPhase section */
		372AABD11B2D5E8300CC181E /* Resources */ = {
			isa = PBXResourcesBuildPhase;
			buildActionMask = 2147483647;
			files = (
				372AABE51B2D5E8300CC181E /* Main.storyboard in Resources */,
				372AABEA1B2D5E8300CC181E /* LaunchScreen.xib in Resources */,
				372AABE71B2D5E8300CC181E /* Images.xcassets in Resources */,
			);
			runOnlyForDeploymentPostprocessing = 0;
		};
		372AABED1B2D5E8300CC181E /* Resources */ = {
			isa = PBXResourcesBuildPhase;
			buildActionMask = 2147483647;
			files = (
			);
			runOnlyForDeploymentPostprocessing = 0;
		};
/* End PBXResourcesBuildPhase section */

/* Begin PBXSourcesBuildPhase section */
		372AABCF1B2D5E8300CC181E /* Sources */ = {
			isa = PBXSourcesBuildPhase;
			buildActionMask = 2147483647;
			files = (
				372AABDC1B2D5E8300CC181E /* AppDelegate.m in Sources */,
				372AABDF1B2D5E8300CC181E /* help.xcdatamodeld in Sources */,
				372AABE21B2D5E8300CC181E /* ViewController.m in Sources */,
				372AABD91B2D5E8300CC181E /* main.m in Sources */,
			);
			runOnlyForDeploymentPostprocessing = 0;
		};
		372AABEB1B2D5E8300CC181E /* Sources */ = {
			isa = PBXSourcesBuildPhase;
			buildActionMask = 2147483647;
			files = (
				372AABF61B2D5E8300CC181E /* helpTests.m in Sources */,
			);
			runOnlyForDeploymentPostprocessing = 0;
		};
/* End PBXSourcesBuildPhase section */

/* Begin PBXTargetDependency section */
		372AABF11B2D5E8300CC181E /* PBXTargetDependency */ = {
			isa = PBXTargetDependency;
			target = 372AABD21B2D5E8300CC181E /* help */;
			targetProxy = 372AABF01B2D5E8300CC181E /* PBXContainerItemProxy */;
		};
/* End PBXTargetDependency section */

/* Begin PBXVariantGroup section */
		372AABE31B2D5E8300CC181E /* Main.storyboard */ = {
			isa = PBXVariantGroup;
			children = (
				372AABE41B2D5E8300CC181E /* Base */,
			);
			name = Main.storyboard;
			sourceTree = "<group>";
		};
		372AABE81B2D5E8300CC181E /* LaunchScreen.xib */ = {
			isa = PBXVariantGroup;
			children = (
				372AABE91B2D5E8300CC181E /* Base */,
			);
			name = LaunchScreen.xib;
			sourceTree = "<group>";
		};
/* End PBXVariantGroup section */

/* Begin XCBuildConfiguration section */
		372AABF71B2D5E8300CC181E /* Debug */ = {
			isa = XCBuildConfiguration;
			buildSettings = {
				ALWAYS_SEARCH_USER_PATHS = NO;
				CLANG_CXX_LANGUAGE_STANDARD = "gnu++0x";
				CLANG_CXX_LIBRARY = "libc++";
				CLANG_ENABLE_MODULES = YES;
				CLANG_ENABLE_OBJC_ARC = YES;
				CLANG_WARN_BOOL_CONVERSION = YES;
				CLANG_WARN_CONSTANT_CONVERSION = YES;
				CLANG_WARN_DIRECT_OBJC_ISA_USAGE = YES_ERROR;
				CLANG_WARN_EMPTY_BODY = YES;
				CLANG_WARN_ENUM_CONVERSION = YES;
				CLANG_WARN_INT_CONVERSION = YES;
				CLANG_WARN_OBJC_ROOT_CLASS = YES_ERROR;
				CLANG_WARN_UNREACHABLE_CODE = YES;
				CLANG_WARN__DUPLICATE_METHOD_MATCH = YES;
				"CODE_SIGN_IDENTITY[sdk=iphoneos*]" = "iPhone Developer";
				COPY_PHASE_STRIP = NO;
				DEBUG_INFORMATION_FORMAT = "dwarf-with-dsym";
				ENABLE_STRICT_OBJC_MSGSEND = YES;
				GCC_C_LANGUAGE_STANDARD = gnu99;
				GCC_DYNAMIC_NO_PIC = NO;
				GCC_NO_COMMON_BLOCKS = YES;
				GCC_OPTIMIZATION_LEVEL = 0;
				GCC_PREPROCESSOR_DEFINITIONS = (
					"DEBUG=1",
					"$(inherited)",
				);
				GCC_SYMBOLS_PRIVATE_EXTERN = NO;
				GCC_WARN_64_TO_32_BIT_CONVERSION = YES;
				GCC_WARN_ABOUT_RETURN_TYPE = YES_ERROR;
				GCC_WARN_UNDECLARED_SELECTOR = YES;
				GCC_WARN_UNINITIALIZED_AUTOS = YES_AGGRESSIVE;
				GCC_WARN_UNUSED_FUNCTION = YES;
				GCC_WARN_UNUSED_VARIABLE = YES;
				IPHONEOS_DEPLOYMENT_TARGET = 8.3;
				MTL_ENABLE_DEBUG_INFO = YES;
				ONLY_ACTIVE_ARCH = YES;
				SDKROOT = iphoneos;
				TARGETED_DEVICE_FAMILY = "1,2";
			};
			name = Debug;
		};
		372AABF81B2D5E8300CC181E /* Release */ = {
			isa = XCBuildConfiguration;
			buildSettings = {
				ALWAYS_SEARCH_USER_PATHS = NO;
				CLANG_CXX_LANGUAGE_STANDARD = "gnu++0x";
				CLANG_CXX_LIBRARY = "libc++";
				CLANG_ENABLE_MODULES = YES;
				CLANG_ENABLE_OBJC_ARC = YES;
				CLANG_WARN_BOOL_CONVERSION = YES;
				CLANG_WARN_CONSTANT_CONVERSION = YES;
				CLANG_WARN_DIRECT_OBJC_ISA_USAGE = YES_ERROR;
				CLANG_WARN_EMPTY_BODY = YES;
				CLANG_WARN_ENUM_CONVERSION = YES;
				CLANG_WARN_INT_CONVERSION = YES;
				CLANG_WARN_OBJC_ROOT_CLASS = YES_ERROR;
				CLANG_WARN_UNREACHABLE_CODE = YES;
				CLANG_WARN__DUPLICATE_METHOD_MATCH = YES;
				"CODE_SIGN_IDENTITY[sdk=iphoneos*]" = "iPhone Developer";
				COPY_PHASE_STRIP = NO;
				DEBUG_INFORMATION_FORMAT = "dwarf-with-dsym";
				ENABLE_NS_ASSERTIONS = NO;
				ENABLE_STRICT_OBJC_MSGSEND = YES;
				GCC_C_LANGUAGE_STANDARD = gnu99;
				GCC_NO_COMMON_BLOCKS = YES;
				GCC_WARN_64_TO_32_BIT_CONVERSION = YES;
				GCC_WARN_ABOUT_RETURN_TYPE = YES_ERROR;
				GCC_WARN_UNDECLARED_SELECTOR = YES;
				GCC_WARN_UNINITIALIZED_AUTOS = YES_AGGRESSIVE;
				GCC_WARN_UNUSED_FUNCTION = YES;
				GCC_WARN_UNUSED_VARIABLE = YES;
				IPHONEOS_DEPLOYMENT_TARGET = 8.3;
				MTL_ENABLE_DEBUG_INFO = NO;
				SDKROOT = iphoneos;
				TARGETED_DEVICE_FAMILY = "1,2";
				VALIDATE_PRODUCT = YES;
			};
			name = Release;
		};
		372AABFA1B2D5E8300CC181E /* Debug */ = {
			isa = XCBuildConfiguration;
			buildSettings = {
				ASSETCATALOG_COMPILER_APPICON_NAME = AppIcon;
				INFOPLIST_FILE = help/Info.plist;
				LD_RUNPATH_SEARCH_PATHS = "$(inherited) @executable_path/Frameworks";
				PRODUCT_NAME = "$(TARGET_NAME)";
			};
			name = Debug;
		};
		372AABFB1B2D5E8300CC181E /* Release */ = {
			isa = XCBuildConfiguration;
			buildSettings = {
				ASSETCATALOG_COMPILER_APPICON_NAME = AppIcon;
				INFOPLIST_FILE = help/Info.plist;
				LD_RUNPATH_SEARCH_PATHS = "$(inherited) @executable_path/Frameworks";
				PRODUCT_NAME = "$(TARGET_NAME)";
			};
			name = Release;
		};
		372AABFD1B2D5E8300CC181E /* Debug */ = {
			isa = XCBuildConfiguration;
			buildSettings = {
				BUNDLE_LOADER = "$(TEST_HOST)";
				FRAMEWORK_SEARCH_PATHS = (
					"$(SDKROOT)/Developer/Library/Frameworks",
					"$(inherited)",
				);
				GCC_PREPROCESSOR_DEFINITIONS = (
					"DEBUG=1",
					"$(inherited)",
				);
				INFOPLIST_FILE = helpTests/Info.plist;
				LD_RUNPATH_SEARCH_PATHS = "$(inherited) @executable_path/Frameworks @loader_path/Frameworks";
				PRODUCT_NAME = "$(TARGET_NAME)";
				TEST_HOST = "$(BUILT_PRODUCTS_DIR)/help.app/help";
			};
			name = Debug;
		};
		372AABFE1B2D5E8300CC181E /* Release */ = {
			isa = XCBuildConfiguration;
			buildSettings = {
				BUNDLE_LOADER = "$(TEST_HOST)";
				FRAMEWORK_SEARCH_PATHS = (
					"$(SDKROOT)/Developer/Library/Frameworks",
					"$(inherited)",
				);
				INFOPLIST_FILE = helpTests/Info.plist;
				LD_RUNPATH_SEARCH_PATHS = "$(inherited) @executable_path/Frameworks @loader_path/Frameworks";
				PRODUCT_NAME = "$(TARGET_NAME)";
				TEST_HOST = "$(BUILT_PRODUCTS_DIR)/help.app/help";
			};
			name = Release;
		};
/* End XCBuildConfiguration section */

/* Begin XCConfigurationList section */
		372AABCE1B2D5E8300CC181E /* Build configuration list for PBXProject "help" */ = {
			isa = XCConfigurationList;
			buildConfigurations = (
				372AABF71B2D5E8300CC181E /* Debug */,
				372AABF81B2D5E8300CC181E /* Release */,
			);
			defaultConfigurationIsVisible = 0;
			defaultConfigurationName = Release;
		};
		372AABF91B2D5E8300CC181E /* Build configuration list for PBXNativeTarget "help" */ = {
			isa = XCConfigurationList;
			buildConfigurations = (
				372AABFA1B2D5E8300CC181E /* Debug */,
				372AABFB1B2D5E8300CC181E /* Release */,
			);
			defaultConfigurationIsVisible = 0;
		};
		372AABFC1B2D5E8300CC181E /* Build configuration list for PBXNativeTarget "helpTests" */ = {
			isa = XCConfigurationList;
			buildConfigurations = (
				372AABFD1B2D5E8300CC181E /* Debug */,
				372AABFE1B2D5E8300CC181E /* Release */,
			);
			defaultConfigurationIsVisible = 0;
		};
/* End XCConfigurationList section */

/* Begin XCVersionGroup section */
		372AABDD1B2D5E8300CC181E /* help.xcdatamodeld */ = {
			isa = XCVersionGroup;
			children = (
				372AABDE1B2D5E8300CC181E /* help.xcdatamodel */,
			);
			currentVersion = 372AABDE1B2D5E8300CC181E /* help.xcdatamodel */;
			path = help.xcdatamodeld;
			sourceTree = "<group>";
			versionGroupType = wrapper.xcdatamodel;
		};
/* End XCVersionGroup section */
	};
	rootObject = 372AABCB1B2D5E8300CC181E /* Project object */;
}
